
Microsoft Visual Studio Solution File, Format Version 12.00
# Visual Studio Version 17
VisualStudioVersion = 17.9.34728.123
MinimumVisualStudioVersion = 10.0.40219.1
Project("{FAE04EC0-301F-11D3-BF4B-00C04F79EFBC}") = "TheMoneyIsAlwaysRight", "TheMoneyIsAlwaysRight.csproj", "{CADC70A5-E83F-4F2E-86CC-A2571FFA9066}"
EndProject
Global
	GlobalSection(SolutionConfigurationPlatforms) = preSolution
		Debug|Any CPU = Debug|Any CPU
		Release|Any CPU = Release|Any CPU
	EndGlobalSection
	GlobalSection(ProjectConfigurationPlatforms) = postSolution
		{CADC70A5-E83F-4F2E-86CC-A2571FFA9066}.Debug|Any CPU.ActiveCfg = Debug|Any CPU
		{CADC70A5-E83F-4F2E-86CC-A2571FFA9066}.Debug|Any CPU.Build.0 = Debug|Any CPU
		{CADC70A5-E83F-4F2E-86CC-A2571FFA9066}.Release|Any CPU.ActiveCfg = Release|Any CPU
		{CADC70A5-E83F-4F2E-86CC-A2571FFA9066}.Release|Any CPU.Build.0 = Release|Any CPU
	EndGlobalSection
	GlobalSection(SolutionProperties) = preSolution
		HideSolutionNode = FALSE
	EndGlobalSection
	GlobalSection(ExtensibilityGlobals) = postSolution
		SolutionGuid = {DCACFF16-49E0-4316-A2D6-851A8F265AE8}
	EndGlobalSection
EndGlobal
